lockfileVersion: '6.0'

settings:
  autoInstallPeers: true
  excludeLinksFromLockfile: false

devDependencies:
  ts-essentials:
    specifier: ^9.4.0
    version: 9.4.0

packages:

  /ts-essentials@9.4.0:
    resolution: {integrity: sha512-s4BzWZmTh926caZO7XF7MMbwCn1BioT3s3r9hT8ARnwW//30OD0XioEsMyq3ORAHP/deN4Zkst2ZvxXmL+tG6g==}
    peerDependencies:
      typescript: '>=4.1.0'
    peerDependenciesMeta:
      typescript:
        optional: true
    dev: true
